speakeasyVersion: 1.568.0
sources:
    Structured Metadata API:
        sourceNamespace: structured-metadata-api
        sourceRevisionDigest: sha256:abfab928ccf7419cccc9ba595cd67adb1d0cbbf680093e9c480ce17fd5c9476f
        sourceBlobDigest: sha256:2a1934ceed0a384aa6370a9a38d4da6f0ce683be2f5748f456de0737b09df3d3
        tags:
            - latest
            - speakeasy-sdk-regen-1750695687
            - 0.3.0
targets:
    structured-metadata-js:
        source: Structured Metadata API
        sourceNamespace: structured-metadata-api
        sourceRevisionDigest: sha256:abfab928ccf7419cccc9ba595cd67adb1d0cbbf680093e9c480ce17fd5c9476f
        sourceBlobDigest: sha256:2a1934ceed0a384aa6370a9a38d4da6f0ce683be2f5748f456de0737b09df3d3
        codeSamplesNamespace: structured-metadata-api-typescript-code-samples
        codeSamplesRevisionDigest: sha256:779cd3b9f3f85878c82e54a968ccf35275ebe6ff5a26fa0663e58546860783ae
workflow:
    workflowVersion: 1.0.0
    speakeasyVersion: latest
    sources:
        Structured Metadata API:
            inputs:
                - location: https://cloudinary.github.io/api-schemas/structured-metadata/schema.yml
            overlays:
                - location: https://cloudinary.github.io/api-schemas/overlays/security-scheme-cloud-overlay.yaml
                - location: https://cloudinary.github.io/api-schemas/overlays/cloud-name-overlay.yml
                - location: https://cloudinary.github.io/api-schemas/overlays/mcp-disabled.yml
                - location: https://cloudinary.github.io/api-schemas/overlays/remove-mcp-description.yml
            registry:
                location: registry.speakeasyapi.dev/cloudinary/cloudinary/structured-metadata-api
    targets:
        structured-metadata-js:
            target: typescript
            source: Structured Metadata API
            publish:
                npm:
                    token: $npm_token
            codeSamples:
                registry:
                    location: registry.speakeasyapi.dev/cloudinary/cloudinary/structured-metadata-api-typescript-code-samples
                labelOverride:
                    fixedValue: Typescript (SDK)
                blocking: false
